
Microsoft Visual Studio Solution File, Format Version 12.00
# Visual Studio Version 17
VisualStudioVersion = 17.9.34607.119
MinimumVisualStudioVersion = 10.0.40219.1
Project("{9A19103F-16F7-4668-BE54-9A1E7A4F7556}") = "tpmodul7_kelompok_3", "tpmodul7_kelompok_3\tpmodul7_kelompok_3.csproj", "{D85A2F69-F56D-4BDC-A001-5A2BFAEC402B}"
EndProject
Global
	GlobalSection(SolutionConfigurationPlatforms) = preSolution
		Debug|Any CPU = Debug|Any CPU
		Release|Any CPU = Release|Any CPU
	EndGlobalSection
	GlobalSection(ProjectConfigurationPlatforms) = postSolution
		{D85A2F69-F56D-4BDC-A001-5A2BFAEC402B}.Debug|Any CPU.ActiveCfg = Debug|Any CPU
		{D85A2F69-F56D-4BDC-A001-5A2BFAEC402B}.Debug|Any CPU.Build.0 = Debug|Any CPU
		{D85A2F69-F56D-4BDC-A001-5A2BFAEC402B}.Release|Any CPU.ActiveCfg = Release|Any CPU
		{D85A2F69-F56D-4BDC-A001-5A2BFAEC402B}.Release|Any CPU.Build.0 = Release|Any CPU
	EndGlobalSection
	GlobalSection(SolutionProperties) = preSolution
		HideSolutionNode = FALSE
	EndGlobalSection
	GlobalSection(ExtensibilityGlobals) = postSolution
		SolutionGuid = {70EC6858-A334-4067-9E57-CEEF92C6EB62}
	EndGlobalSection
EndGlobal
